
Microsoft Visual Studio Solution File, Format Version 12.00
# Visual Studio Version 17
VisualStudioVersion = 17.0.31919.166
MinimumVisualStudioVersion = 10.0.40219.1
Project("{9A19103F-16F7-4668-BE54-9A1E7A4F7556}") = "HelloWorld", "HelloWorld\HelloWorld.csproj", "{D6A043BF-4E8D-4B6A-9165-E0C607333190}"
EndProject
Project("{2150E333-8FDC-42A3-9474-1A3956D46DE8}") = "01-HelloWorld", "01-HelloWorld", "{488C4EB4-F674-4180-862F-E270BA2DC7F1}"
EndProject
Project("{9A19103F-16F7-4668-BE54-9A1E7A4F7556}") = "GlobalNamespaceImport", "GlobalNamespaceImport\GlobalNamespaceImport.csproj", "{D62D77E7-6D3E-4C84-8EA3-2A0CF42555DA}"
EndProject
Project("{2150E333-8FDC-42A3-9474-1A3956D46DE8}") = "02-GlobalNamespaceImport", "02-GlobalNamespaceImport", "{F2F5E6AC-63F9-443B-B8B7-F42AE92A308B}"
EndProject
Project("{2150E333-8FDC-42A3-9474-1A3956D46DE8}") = "99-Bonus", "99-Bonus", "{E6DAEC32-165E-45EC-AD16-F94C03B28984}"
EndProject
Project("{9A19103F-16F7-4668-BE54-9A1E7A4F7556}") = "Bonus", "Bonus\Bonus.csproj", "{1FEB5296-E51C-46E8-A776-E5B418E2D954}"
EndProject
Project("{2150E333-8FDC-42A3-9474-1A3956D46DE8}") = "03-OperatingSystemCheck", "03-OperatingSystemCheck", "{0AFF15E3-2FA5-4013-8E78-D9365B77742B}"
EndProject
Project("{9A19103F-16F7-4668-BE54-9A1E7A4F7556}") = "OperatingSystemCheck", "OperatingSystemCheck\OperatingSystemCheck.csproj", "{53DAD3CC-6170-4D5D-B24A-48DC8A4E2317}"
EndProject
Project("{2150E333-8FDC-42A3-9474-1A3956D46DE8}") = "04-Overflow", "04-Overflow", "{C440DFEE-A5C8-4E45-B7BE-504F349A1F70}"
EndProject
Project("{9A19103F-16F7-4668-BE54-9A1E7A4F7556}") = "Overflow", "Overflow\Overflow.csproj", "{FB81FA4E-33C7-4545-A803-E35EB21690F1}"
EndProject
Project("{2150E333-8FDC-42A3-9474-1A3956D46DE8}") = "05-ScopedNamespace", "05-ScopedNamespace", "{64F6778A-5002-4490-8967-0890156F49B9}"
EndProject
Project("{FAE04EC0-301F-11D3-BF4B-00C04F79EFBC}") = "ScopedNamespace", "ScopedNamespace\ScopedNamespace.csproj", "{3DCFB0E0-0A18-4B1F-95CA-010B973165AB}"
EndProject
Project("{2150E333-8FDC-42A3-9474-1A3956D46DE8}") = "06-Flags", "06-Flags", "{33BA710B-88ED-4B1D-B44E-3A38B51384C6}"
EndProject
Project("{FAE04EC0-301F-11D3-BF4B-00C04F79EFBC}") = "Flags", "Flags\Flags.csproj", "{A786DD6F-FF32-4193-BCDF-41CECFBCEBA4}"
EndProject
Global
	GlobalSection(SolutionConfigurationPlatforms) = preSolution
		Debug|Any CPU = Debug|Any CPU
		Release|Any CPU = Release|Any CPU
	EndGlobalSection
	GlobalSection(ProjectConfigurationPlatforms) = postSolution
		{D6A043BF-4E8D-4B6A-9165-E0C607333190}.Debug|Any CPU.ActiveCfg = Debug|Any CPU
		{D6A043BF-4E8D-4B6A-9165-E0C607333190}.Debug|Any CPU.Build.0 = Debug|Any CPU
		{D6A043BF-4E8D-4B6A-9165-E0C607333190}.Release|Any CPU.ActiveCfg = Release|Any CPU
		{D6A043BF-4E8D-4B6A-9165-E0C607333190}.Release|Any CPU.Build.0 = Release|Any CPU
		{D62D77E7-6D3E-4C84-8EA3-2A0CF42555DA}.Debug|Any CPU.ActiveCfg = Debug|Any CPU
		{D62D77E7-6D3E-4C84-8EA3-2A0CF42555DA}.Debug|Any CPU.Build.0 = Debug|Any CPU
		{D62D77E7-6D3E-4C84-8EA3-2A0CF42555DA}.Release|Any CPU.ActiveCfg = Release|Any CPU
		{D62D77E7-6D3E-4C84-8EA3-2A0CF42555DA}.Release|Any CPU.Build.0 = Release|Any CPU
		{1FEB5296-E51C-46E8-A776-E5B418E2D954}.Debug|Any CPU.ActiveCfg = Debug|Any CPU
		{1FEB5296-E51C-46E8-A776-E5B418E2D954}.Debug|Any CPU.Build.0 = Debug|Any CPU
		{1FEB5296-E51C-46E8-A776-E5B418E2D954}.Release|Any CPU.ActiveCfg = Release|Any CPU
		{1FEB5296-E51C-46E8-A776-E5B418E2D954}.Release|Any CPU.Build.0 = Release|Any CPU
		{53DAD3CC-6170-4D5D-B24A-48DC8A4E2317}.Debug|Any CPU.ActiveCfg = Debug|Any CPU
		{53DAD3CC-6170-4D5D-B24A-48DC8A4E2317}.Debug|Any CPU.Build.0 = Debug|Any CPU
		{53DAD3CC-6170-4D5D-B24A-48DC8A4E2317}.Release|Any CPU.ActiveCfg = Release|Any CPU
		{53DAD3CC-6170-4D5D-B24A-48DC8A4E2317}.Release|Any CPU.Build.0 = Release|Any CPU
		{FB81FA4E-33C7-4545-A803-E35EB21690F1}.Debug|Any CPU.ActiveCfg = Debug|Any CPU
		{FB81FA4E-33C7-4545-A803-E35EB21690F1}.Debug|Any CPU.Build.0 = Debug|Any CPU
		{FB81FA4E-33C7-4545-A803-E35EB21690F1}.Release|Any CPU.ActiveCfg = Release|Any CPU
		{FB81FA4E-33C7-4545-A803-E35EB21690F1}.Release|Any CPU.Build.0 = Release|Any CPU
		{3DCFB0E0-0A18-4B1F-95CA-010B973165AB}.Debug|Any CPU.ActiveCfg = Debug|Any CPU
		{3DCFB0E0-0A18-4B1F-95CA-010B973165AB}.Debug|Any CPU.Build.0 = Debug|Any CPU
		{3DCFB0E0-0A18-4B1F-95CA-010B973165AB}.Release|Any CPU.ActiveCfg = Release|Any CPU
		{3DCFB0E0-0A18-4B1F-95CA-010B973165AB}.Release|Any CPU.Build.0 = Release|Any CPU
		{A786DD6F-FF32-4193-BCDF-41CECFBCEBA4}.Debug|Any CPU.ActiveCfg = Debug|Any CPU
		{A786DD6F-FF32-4193-BCDF-41CECFBCEBA4}.Debug|Any CPU.Build.0 = Debug|Any CPU
		{A786DD6F-FF32-4193-BCDF-41CECFBCEBA4}.Release|Any CPU.ActiveCfg = Release|Any CPU
		{A786DD6F-FF32-4193-BCDF-41CECFBCEBA4}.Release|Any CPU.Build.0 = Release|Any CPU
	EndGlobalSection
	GlobalSection(SolutionProperties) = preSolution
		HideSolutionNode = FALSE
	EndGlobalSection
	GlobalSection(NestedProjects) = preSolution
		{D6A043BF-4E8D-4B6A-9165-E0C607333190} = {488C4EB4-F674-4180-862F-E270BA2DC7F1}
		{D62D77E7-6D3E-4C84-8EA3-2A0CF42555DA} = {F2F5E6AC-63F9-443B-B8B7-F42AE92A308B}
		{1FEB5296-E51C-46E8-A776-E5B418E2D954} = {E6DAEC32-165E-45EC-AD16-F94C03B28984}
		{53DAD3CC-6170-4D5D-B24A-48DC8A4E2317} = {0AFF15E3-2FA5-4013-8E78-D9365B77742B}
		{FB81FA4E-33C7-4545-A803-E35EB21690F1} = {C440DFEE-A5C8-4E45-B7BE-504F349A1F70}
		{3DCFB0E0-0A18-4B1F-95CA-010B973165AB} = {64F6778A-5002-4490-8967-0890156F49B9}
		{A786DD6F-FF32-4193-BCDF-41CECFBCEBA4} = {33BA710B-88ED-4B1D-B44E-3A38B51384C6}
	EndGlobalSection
	GlobalSection(ExtensibilityGlobals) = postSolution
		SolutionGuid = {CF20F605-7E7E-4CBC-8487-BE301AE554A3}
	EndGlobalSection
EndGlobal
